
Microsoft Visual Studio Solution File, Format Version 12.00
# Visual Studio Version 17
VisualStudioVersion = 17.11.35327.3
MinimumVisualStudioVersion = 10.0.40219.1
Project("{8BC9CEB8-8B4A-11D0-8D11-00A0C91BC942}") = "ValidationExpression", "ValidationExpression\ValidationExpression.vcxproj", "{23AC4431-7152-4838-87CA-FDA4A638559E}"
EndProject
Project("{8BC9CEB8-8B4A-11D0-8D11-00A0C91BC942}") = "MyDynamicLibrairyStack", "..\MyDynamicLibrairyStack\MyDynamicLibrairyStack.vcxproj", "{098DD020-BBA6-4729-BCED-E3FAED4D8032}"
EndProject
Global
	GlobalSection(SolutionConfigurationPlatforms) = preSolution
		Debug|x64 = Debug|x64
		Debug|x86 = Debug|x86
		Release|x64 = Release|x64
		Release|x86 = Release|x86
	EndGlobalSection
	GlobalSection(ProjectConfigurationPlatforms) = postSolution
		{23AC4431-7152-4838-87CA-FDA4A638559E}.Debug|x64.ActiveCfg = Debug|x64
		{23AC4431-7152-4838-87CA-FDA4A638559E}.Debug|x64.Build.0 = Debug|x64
		{23AC4431-7152-4838-87CA-FDA4A638559E}.Debug|x86.ActiveCfg = Debug|Win32
		{23AC4431-7152-4838-87CA-FDA4A638559E}.Debug|x86.Build.0 = Debug|Win32
		{23AC4431-7152-4838-87CA-FDA4A638559E}.Release|x64.ActiveCfg = Release|x64
		{23AC4431-7152-4838-87CA-FDA4A638559E}.Release|x64.Build.0 = Release|x64
		{23AC4431-7152-4838-87CA-FDA4A638559E}.Release|x86.ActiveCfg = Release|Win32
		{23AC4431-7152-4838-87CA-FDA4A638559E}.Release|x86.Build.0 = Release|Win32
		{098DD020-BBA6-4729-BCED-E3FAED4D8032}.Debug|x64.ActiveCfg = Debug|x64
		{098DD020-BBA6-4729-BCED-E3FAED4D8032}.Debug|x64.Build.0 = Debug|x64
		{098DD020-BBA6-4729-BCED-E3FAED4D8032}.Debug|x86.ActiveCfg = Debug|Win32
		{098DD020-BBA6-4729-BCED-E3FAED4D8032}.Debug|x86.Build.0 = Debug|Win32
		{098DD020-BBA6-4729-BCED-E3FAED4D8032}.Release|x64.ActiveCfg = Release|x64
		{098DD020-BBA6-4729-BCED-E3FAED4D8032}.Release|x64.Build.0 = Release|x64
		{098DD020-BBA6-4729-BCED-E3FAED4D8032}.Release|x86.ActiveCfg = Release|Win32
		{098DD020-BBA6-4729-BCED-E3FAED4D8032}.Release|x86.Build.0 = Release|Win32
	EndGlobalSection
	GlobalSection(SolutionProperties) = preSolution
		HideSolutionNode = FALSE
	EndGlobalSection
	GlobalSection(ExtensibilityGlobals) = postSolution
		SolutionGuid = {8173371C-658F-411A-B110-BEF615C8C93B}
	EndGlobalSection
EndGlobal
